
Microsoft Visual Studio Solution File, Format Version 12.00
# Visual Studio 2013
VisualStudioVersion = 12.0.21005.1
MinimumVisualStudioVersion = 10.0.40219.1
Project("{8BC9CEB8-8B4A-11D0-8D11-00A0C91BC942}") = "Engine", "Engine\Engine.vcxproj", "{7067EED1-82DD-40DD-B790-574155E62B73}"
EndProject
Project("{8BC9CEB8-8B4A-11D0-8D11-00A0C91BC942}") = "GameDefault", "GameDefault\GameDefault.vcxproj", "{E836070F-8C46-4006-962F-9093AC618726}"
EndProject
Project("{8BC9CEB8-8B4A-11D0-8D11-00A0C91BC942}") = "RPG", "RPG\RPG.vcxproj", "{2BD51443-BE7B-481C-9028-B1F961948016}"
EndProject
Global
	GlobalSection(SolutionConfigurationPlatforms) = preSolution
		Debug|Win32 = Debug|Win32
		Release|Win32 = Release|Win32
	EndGlobalSection
	GlobalSection(ProjectConfigurationPlatforms) = postSolution
		{7067EED1-82DD-40DD-B790-574155E62B73}.Debug|Win32.ActiveCfg = Debug|Win32
		{7067EED1-82DD-40DD-B790-574155E62B73}.Debug|Win32.Build.0 = Debug|Win32
		{7067EED1-82DD-40DD-B790-574155E62B73}.Release|Win32.ActiveCfg = Release|Win32
		{7067EED1-82DD-40DD-B790-574155E62B73}.Release|Win32.Build.0 = Release|Win32
		{E836070F-8C46-4006-962F-9093AC618726}.Debug|Win32.ActiveCfg = Debug|Win32
		{E836070F-8C46-4006-962F-9093AC618726}.Debug|Win32.Build.0 = Debug|Win32
		{E836070F-8C46-4006-962F-9093AC618726}.Release|Win32.ActiveCfg = Release|Win32
		{E836070F-8C46-4006-962F-9093AC618726}.Release|Win32.Build.0 = Release|Win32
		{2BD51443-BE7B-481C-9028-B1F961948016}.Debug|Win32.ActiveCfg = Debug|Win32
		{2BD51443-BE7B-481C-9028-B1F961948016}.Debug|Win32.Build.0 = Debug|Win32
		{2BD51443-BE7B-481C-9028-B1F961948016}.Release|Win32.ActiveCfg = Release|Win32
		{2BD51443-BE7B-481C-9028-B1F961948016}.Release|Win32.Build.0 = Release|Win32
	EndGlobalSection
	GlobalSection(SolutionProperties) = preSolution
		HideSolutionNode = FALSE
	EndGlobalSection
EndGlobal
