<?xml version="1.0" encoding="utf-8"?>
<Project ToolsVersion="4.0" xmlns="http://schemas.microsoft.com/developer/msbuild/2003">
  <ItemGroup>
    <Filter Include="Graphics">
      <UniqueIdentifier>{53dbfeb5-39fa-42d9-bb75-d355f0026973}</UniqueIdentifier>
    </Filter>
    <Filter Include="Platforms">
      <UniqueIdentifier>{d059f55d-b245-4117-a48d-9563b425f7a1}</UniqueIdentifier>
    </Filter>
    <Filter Include="Math">
      <UniqueIdentifier>{f17e3a9d-a442-411d-9a93-df1ea21c0e61}</UniqueIdentifier>
    </Filter>
    <Filter Include="Base">
      <UniqueIdentifier>{365b8215-2c79-41d6-9e2a-4ba5a58791ce}</UniqueIdentifier>
    </Filter>
    <Filter Include="Dependencies">
      <UniqueIdentifier>{b55a454d-212e-4d4c-bec8-0342db7c5c41}</UniqueIdentifier>
    </Filter>
    <Filter Include="Platforms\Win32">
      <UniqueIdentifier>{873de6be-bf95-4ce6-b70b-3d3240194e5b}</UniqueIdentifier>
    </Filter>
    <Filter Include="Resources">
      <UniqueIdentifier>{505336c5-2130-4457-a208-e85b69f78449}</UniqueIdentifier>
    </Filter>
  </ItemGroup>
  <ItemGroup>
    <ClInclude Include="Engine.h" />
    <ClInclude Include="Source\Base\EngineInitialization.h">
      <Filter>Base</Filter>
    </ClInclude>
    <ClInclude Include="Source\Base\IncludesEngine.h">
      <Filter>Base</Filter>
    </ClInclude>
    <ClInclude Include="Source\Base\ScheduledAction.h">
      <Filter>Base</Filter>
    </ClInclude>
    <ClInclude Include="Source\Base\Scheduler.h">
      <Filter>Base</Filter>
    </ClInclude>
    <ClInclude Include="Source\Base\Action.h">
      <Filter>Base</Filter>
    </ClInclude>
    <ClInclude Include="Source\Base\Constants.h">
      <Filter>Base</Filter>
    </ClInclude>
    <ClInclude Include="Source\Base\EngineDirector.h">
      <Filter>Base</Filter>
    </ClInclude>
    <ClInclude Include="Source\Graphics\Tex2D.h">
      <Filter>Graphics</Filter>
    </ClInclude>
    <ClInclude Include="Source\Graphics\TextureAtlas.h">
      <Filter>Graphics</Filter>
    </ClInclude>
    <ClInclude Include="Source\Graphics\TextureData.h">
      <Filter>Graphics</Filter>
    </ClInclude>
    <ClInclude Include="Source\Graphics\Camera.h">
      <Filter>Graphics</Filter>
    </ClInclude>
    <ClInclude Include="Source\Graphics\ConstantsNumbers.h">
      <Filter>Graphics</Filter>
    </ClInclude>
    <ClInclude Include="Source\Graphics\ConstantsTriangleList.h">
      <Filter>Graphics</Filter>
    </ClInclude>
    <ClInclude Include="Source\Graphics\FramerateCounter.h">
      <Filter>Graphics</Filter>
    </ClInclude>
    <ClInclude Include="Source\Graphics\InterfaceAnchorPoint.h">
      <Filter>Graphics</Filter>
    </ClInclude>
    <ClInclude Include="Source\Graphics\InterfaceDrawable.h">
      <Filter>Graphics</Filter>
    </ClInclude>
    <ClInclude Include="Source\Graphics\InterfaceMovable.h">
      <Filter>Graphics</Filter>
    </ClInclude>
    <ClInclude Include="Source\Graphics\InterfaceObject2D.h">
      <Filter>Graphics</Filter>
    </ClInclude>
    <ClInclude Include="Source\Graphics\InterfaceRotatable.h">
      <Filter>Graphics</Filter>
    </ClInclude>
    <ClInclude Include="Source\Graphics\InterfaceScalable.h">
      <Filter>Graphics</Filter>
    </ClInclude>
    <ClInclude Include="Source\Graphics\InterfaceScene.h">
      <Filter>Graphics</Filter>
    </ClInclude>
    <ClInclude Include="Source\Graphics\InterfaceZOrderable.h">
      <Filter>Graphics</Filter>
    </ClInclude>
    <ClInclude Include="Source\Graphics\Layer.h">
      <Filter>Graphics</Filter>
    </ClInclude>
    <ClInclude Include="Source\Graphics\Object2D.h">
      <Filter>Graphics</Filter>
    </ClInclude>
    <ClInclude Include="Source\Graphics\Object3D.h">
      <Filter>Graphics</Filter>
    </ClInclude>
    <ClInclude Include="Source\Graphics\Sprite.h">
      <Filter>Graphics</Filter>
    </ClInclude>
    <ClInclude Include="Source\Math\AdditionGLMrect.h">
      <Filter>Math</Filter>
    </ClInclude>
    <ClInclude Include="Source\Math\PerlinNoise.h">
      <Filter>Math</Filter>
    </ClInclude>
    <ClInclude Include="Source\Math\AdditionGLM.h">
      <Filter>Math</Filter>
    </ClInclude>
    <ClInclude Include="epc.h" />
    <ClInclude Include="Source\Graphics\Texture.h">
      <Filter>Graphics</Filter>
    </ClInclude>
    <ClInclude Include="Source\Graphics\Material.h">
      <Filter>Graphics</Filter>
    </ClInclude>
    <ClInclude Include="Source\Graphics\TextureInfo.h">
      <Filter>Graphics</Filter>
    </ClInclude>
    <ClInclude Include="Source\Graphics\TexturePartInfo.h">
      <Filter>Graphics</Filter>
    </ClInclude>
  </ItemGroup>
  <ItemGroup>
    <ClCompile Include="Source\Base\EngineInitialization.cpp">
      <Filter>Base</Filter>
    </ClCompile>
    <ClCompile Include="Source\Base\ScheduledAction.cpp">
      <Filter>Base</Filter>
    </ClCompile>
    <ClCompile Include="Source\Base\Scheduler.cpp">
      <Filter>Base</Filter>
    </ClCompile>
    <ClCompile Include="Source\Base\Action.cpp">
      <Filter>Base</Filter>
    </ClCompile>
    <ClCompile Include="Source\Base\EngineDirector.cpp">
      <Filter>Base</Filter>
    </ClCompile>
    <ClCompile Include="Source\Graphics\TextureAtlas.cpp">
      <Filter>Graphics</Filter>
    </ClCompile>
    <ClCompile Include="Source\Graphics\TextureData.cpp">
      <Filter>Graphics</Filter>
    </ClCompile>
    <ClCompile Include="Source\Graphics\Camera.cpp">
      <Filter>Graphics</Filter>
    </ClCompile>
    <ClCompile Include="Source\Graphics\FramerateCounter.cpp">
      <Filter>Graphics</Filter>
    </ClCompile>
    <ClCompile Include="Source\Graphics\InterfaceObject2D.cpp">
      <Filter>Graphics</Filter>
    </ClCompile>
    <ClCompile Include="Source\Graphics\Layer.cpp">
      <Filter>Graphics</Filter>
    </ClCompile>
    <ClCompile Include="Source\Graphics\Object2D.cpp">
      <Filter>Graphics</Filter>
    </ClCompile>
    <ClCompile Include="Source\Graphics\Object3D.cpp">
      <Filter>Graphics</Filter>
    </ClCompile>
    <ClCompile Include="Source\Graphics\Sprite.cpp">
      <Filter>Graphics</Filter>
    </ClCompile>
    <ClCompile Include="Source\Graphics\Tex2D.cpp">
      <Filter>Graphics</Filter>
    </ClCompile>
    <ClCompile Include="epc.cpp" />
    <ClCompile Include="Source\Graphics\Texture.cpp">
      <Filter>Graphics</Filter>
    </ClCompile>
    <ClCompile Include="Source\Graphics\Material.cpp">
      <Filter>Graphics</Filter>
    </ClCompile>
    <ClCompile Include="Source\Graphics\TextureInfo.cpp">
      <Filter>Graphics</Filter>
    </ClCompile>
    <ClCompile Include="Source\Graphics\TexturePartInfo.cpp">
      <Filter>Graphics</Filter>
    </ClCompile>
  </ItemGroup>
</Project>